
Microsoft Visual Studio Solution File, Format Version 12.00
# Visual Studio 15
VisualStudioVersion = 15.0.28010.2046
MinimumVisualStudioVersion = 10.0.40219.1
Project("{8BC9CEB8-8B4A-11D0-8D11-00A0C91BC942}") = "PC6502", "PC6502\PC6502.vcxproj", "{E0E3A52F-EB4E-4E4B-A9EB-4E5BBA371F5A}"
EndProject
Global
	GlobalSection(SolutionConfigurationPlatforms) = preSolution
		Debug|x64 = Debug|x64
		Debug|x86 = Debug|x86
		Release|x64 = Release|x64
		Release|x86 = Release|x86
	EndGlobalSection
	GlobalSection(ProjectConfigurationPlatforms) = postSolution
		{E0E3A52F-EB4E-4E4B-A9EB-4E5BBA371F5A}.Debug|x64.ActiveCfg = Debug|x64
		{E0E3A52F-EB4E-4E4B-A9EB-4E5BBA371F5A}.Debug|x64.Build.0 = Debug|x64
		{E0E3A52F-EB4E-4E4B-A9EB-4E5BBA371F5A}.Debug|x86.ActiveCfg = Debug|Win32
		{E0E3A52F-EB4E-4E4B-A9EB-4E5BBA371F5A}.Debug|x86.Build.0 = Debug|Win32
		{E0E3A52F-EB4E-4E4B-A9EB-4E5BBA371F5A}.Release|x64.ActiveCfg = Release|x64
		{E0E3A52F-EB4E-4E4B-A9EB-4E5BBA371F5A}.Release|x64.Build.0 = Release|x64
		{E0E3A52F-EB4E-4E4B-A9EB-4E5BBA371F5A}.Release|x86.ActiveCfg = Release|Win32
		{E0E3A52F-EB4E-4E4B-A9EB-4E5BBA371F5A}.Release|x86.Build.0 = Release|Win32
	EndGlobalSection
	GlobalSection(SolutionProperties) = preSolution
		HideSolutionNode = FALSE
	EndGlobalSection
	GlobalSection(ExtensibilityGlobals) = postSolution
		SolutionGuid = {41B06A8A-B794-4A84-B5EB-C467CF1C7C19}
	EndGlobalSection
EndGlobal
